
Microsoft Visual Studio Solution File, Format Version 12.00
# Visual Studio Version 17
VisualStudioVersion = 17.1.32328.378
MinimumVisualStudioVersion = 10.0.40219.1
Project("{FAE04EC0-301F-11D3-BF4B-00C04F79EFBC}") = "Task", "Task\Task.csproj", "{15C19933-F06C-4FA2-97CD-007DAC8B3971}"
EndProject
Global
	GlobalSection(SolutionConfigurationPlatforms) = preSolution
		Debug|Any CPU = Debug|Any CPU
		Release|Any CPU = Release|Any CPU
	EndGlobalSection
	GlobalSection(ProjectConfigurationPlatforms) = postSolution
		{15C19933-F06C-4FA2-97CD-007DAC8B3971}.Debug|Any CPU.ActiveCfg = Debug|Any CPU
		{15C19933-F06C-4FA2-97CD-007DAC8B3971}.Debug|Any CPU.Build.0 = Debug|Any CPU
		{15C19933-F06C-4FA2-97CD-007DAC8B3971}.Release|Any CPU.ActiveCfg = Release|Any CPU
		{15C19933-F06C-4FA2-97CD-007DAC8B3971}.Release|Any CPU.Build.0 = Release|Any CPU
	EndGlobalSection
	GlobalSection(SolutionProperties) = preSolution
		HideSolutionNode = FALSE
	EndGlobalSection
	GlobalSection(ExtensibilityGlobals) = postSolution
		SolutionGuid = {BD554EDE-FDDA-42CC-A1FF-A4A34767407C}
	EndGlobalSection
EndGlobal
